// !$*UTF8*$!
{
	archiveVersion = 1;
	classes = {
	};
	objectVersion = 55;
	objects = {

/* Begin PBXBuildFile section */
		545F3A2C28853CE900A64103 /* EbiApp.swift in Sources */ = {isa = PBXBuildFile; fileRef = 545F3A2B28853CE900A64103 /* EbiApp.swift */; };
		545F3A2E28853CE900A64103 /* ContentView.swift in Sources */ = {isa = PBXBuildFile; fileRef = 545F3A2D28853CE900A64103 /* ContentView.swift */; };
		545F3A3028853CEB00A64103 /* Assets.xcassets in Resources */ = {isa = PBXBuildFile; fileRef = 545F3A2F28853CEB00A64103 /* Assets.xcassets */; };
		545F3A3328853CEB00A64103 /* Preview Assets.xcassets in Resources */ = {isa = PBXBuildFile; fileRef = 545F3A3228853CEB00A64103 /* Preview Assets.xcassets */; };
		545F3A3D28853CEB00A64103 /* EbiTests.swift in Sources */ = {isa = PBXBuildFile; fileRef = 545F3A3C28853CEB00A64103 /* EbiTests.swift */; };
		545F3A4728853CEB00A64103 /* EbiUITests.swift in Sources */ = {isa = PBXBuildFile; fileRef = 545F3A4628853CEB00A64103 /* EbiUITests.swift */; };
		545F3A4928853CEB00A64103 /* EbiUITestsLaunchTests.swift in Sources */ = {isa = PBXBuildFile; fileRef = 545F3A4828853CEB00A64103 /* EbiUITestsLaunchTests.swift */; };
		545F3A5628853D5200A64103 /* GameScene.swift in Sources */ = {isa = PBXBuildFile; fileRef = 545F3A5528853D5200A64103 /* GameScene.swift */; };
		54C90BAA28980D5100AEE1DC /* Constant.swift in Sources */ = {isa = PBXBuildFile; fileRef = 54C90BA928980D5000AEE1DC /* Constant.swift */; };
/* End PBXBuildFile section */

/* Begin PBXContainerItemProxy section */
		545F3A3928853CEB00A64103 /* PBXContainerItemProxy */ = {
			isa = PBXContainerItemProxy;
			containerPortal = 545F3A2028853CE900A64103 /* Project object */;
			proxyType = 1;
			remoteGlobalIDString = 545F3A2728853CE900A64103;
			remoteInfo = Ebi;
		};
		545F3A4328853CEB00A64103 /* PBXContainerItemProxy */ = {
			isa = PBXContainerItemProxy;
			containerPortal = 545F3A2028853CE900A64103 /* Project object */;
			proxyType = 1;
			remoteGlobalIDString = 545F3A2728853CE900A64103;
			remoteInfo = Ebi;
		};
/* End PBXContainerItemProxy section */

/* Begin PBXFileReference section */
		545F3A2828853CE900A64103 /* Ebi.app */ = {isa = PBXFileReference; explicitFileType = wrapper.application; includeInIndex = 0; path = Ebi.app; sourceTree = BUILT_PRODUCTS_DIR; };
		545F3A2B28853CE900A64103 /* EbiApp.swift */ = {isa = PBXFileReference; lastKnownFileType = sourcecode.swift; path = EbiApp.swift; sourceTree = "<group>"; };
		545F3A2D28853CE900A64103 /* ContentView.swift */ = {isa = PBXFileReference; lastKnownFileType = sourcecode.swift; path = ContentView.swift; sourceTree = "<group>"; };
		545F3A2F28853CEB00A64103 /* Assets.xcassets */ = {isa = PBXFileReference; lastKnownFileType = folder.assetcatalog; path = Assets.xcassets; sourceTree = "<group>"; };
		545F3A3228853CEB00A64103 /* Preview Assets.xcassets */ = {isa = PBXFileReference; lastKnownFileType = folder.assetcatalog; path = "Preview Assets.xcassets"; sourceTree = "<group>"; };
		545F3A3828853CEB00A64103 /* EbiTests.xctest */ = {isa = PBXFileReference; explicitFileType = wrapper.cfbundle; includeInIndex = 0; path = EbiTests.xctest; sourceTree = BUILT_PRODUCTS_DIR; };
		545F3A3C28853CEB00A64103 /* EbiTests.swift */ = {isa = PBXFileReference; lastKnownFileType = sourcecode.swift; path = EbiTests.swift; sourceTree = "<group>"; };
		545F3A4228853CEB00A64103 /* EbiUITests.xctest */ = {isa = PBXFileReference; explicitFileType = wrapper.cfbundle; includeInIndex = 0; path = EbiUITests.xctest; sourceTree = BUILT_PRODUCTS_DIR; };
		545F3A4628853CEB00A64103 /* EbiUITests.swift */ = {isa = PBXFileReference; lastKnownFileType = sourcecode.swift; path = EbiUITests.swift; sourceTree = "<group>"; };
		545F3A4828853CEB00A64103 /* EbiUITestsLaunchTests.swift */ = {isa = PBXFileReference; lastKnownFileType = sourcecode.swift; path = EbiUITestsLaunchTests.swift; sourceTree = "<group>"; };
		545F3A5528853D5200A64103 /* GameScene.swift */ = {isa = PBXFileReference; lastKnownFileType = sourcecode.swift; path = GameScene.swift; sourceTree = "<group>"; };
		54C90BA928980D5000AEE1DC /* Constant.swift */ = {isa = PBXFileReference; lastKnownFileType = sourcecode.swift; path = Constant.swift; sourceTree = "<group>"; };
/* End PBXFileReference section */

/* Begin PBXFrameworksBuildPhase section */
		545F3A2528853CE900A64103 /* Frameworks */ = {
			isa = PBXFrameworksBuildPhase;
			buildActionMask = 2147483647;
			files = (
			);
			runOnlyForDeploymentPostprocessing = 0;
		};
		545F3A3528853CEB00A64103 /* Frameworks */ = {
			isa = PBXFrameworksBuildPhase;
			buildActionMask = 2147483647;
			files = (
			);
			runOnlyForDeploymentPostprocessing = 0;
		};
		545F3A3F28853CEB00A64103 /* Frameworks */ = {
			isa = PBXFrameworksBuildPhase;
			buildActionMask = 2147483647;
			files = (
			);
			runOnlyForDeploymentPostprocessing = 0;
		};
/* End PBXFrameworksBuildPhase section */

/* Begin PBXGroup section */
		545F3A1F28853CE900A64103 = {
			isa = PBXGroup;
			children = (
				545F3A2A28853CE900A64103 /* Ebi */,
				545F3A3B28853CEB00A64103 /* EbiTests */,
				545F3A4528853CEB00A64103 /* EbiUITests */,
				545F3A2928853CE900A64103 /* Products */,
			);
			sourceTree = "<group>";
		};
		545F3A2928853CE900A64103 /* Products */ = {
			isa = PBXGroup;
			children = (
				545F3A2828853CE900A64103 /* Ebi.app */,
				545F3A3828853CEB00A64103 /* EbiTests.xctest */,
				545F3A4228853CEB00A64103 /* EbiUITests.xctest */,
			);
			name = Products;
			sourceTree = "<group>";
		};
		545F3A2A28853CE900A64103 /* Ebi */ = {
			isa = PBXGroup;
			children = (
				545F3A2F28853CEB00A64103 /* Assets.xcassets */,
				545F3A2B28853CE900A64103 /* EbiApp.swift */,
				545F3A2D28853CE900A64103 /* ContentView.swift */,
				545F3A5728853F5500A64103 /* Scenes */,
				545F3A3128853CEB00A64103 /* Preview Content */,
				54C90BA928980D5000AEE1DC /* Constant.swift */,
			);
			path = Ebi;
			sourceTree = "<group>";
		};
		545F3A3128853CEB00A64103 /* Preview Content */ = {
			isa = PBXGroup;
			children = (
				545F3A3228853CEB00A64103 /* Preview Assets.xcassets */,
			);
			path = "Preview Content";
			sourceTree = "<group>";
		};
		545F3A3B28853CEB00A64103 /* EbiTests */ = {
			isa = PBXGroup;
			children = (
				545F3A3C28853CEB00A64103 /* EbiTests.swift */,
			);
			path = EbiTests;
			sourceTree = "<group>";
		};
		545F3A4528853CEB00A64103 /* EbiUITests */ = {
			isa = PBXGroup;
			children = (
				545F3A4628853CEB00A64103 /* EbiUITests.swift */,
				545F3A4828853CEB00A64103 /* EbiUITestsLaunchTests.swift */,
			);
			path = EbiUITests;
			sourceTree = "<group>";
		};
		545F3A5728853F5500A64103 /* Scenes */ = {
			isa = PBXGroup;
			children = (
				545F3A5528853D5200A64103 /* GameScene.swift */,
			);
			path = Scenes;
			sourceTree = "<group>";
		};
/* End PBXGroup section */

/* Begin PBXNativeTarget section */
		545F3A2728853CE900A64103 /* Ebi */ = {
			isa = PBXNativeTarget;
			buildConfigurationList = 545F3A4C28853CEB00A64103 /* Build configuration list for PBXNativeTarget "Ebi" */;
			buildPhases = (
				545F3A2428853CE900A64103 /* Sources */,
				545F3A2528853CE900A64103 /* Frameworks */,
				545F3A2628853CE900A64103 /* Resources */,
			);
			buildRules = (
			);
			dependencies = (
			);
			name = Ebi;
			productName = Ebi;
			productReference = 545F3A2828853CE900A64103 /* Ebi.app */;
			productType = "com.apple.product-type.application";
		};
		545F3A3728853CEB00A64103 /* EbiTests */ = {
			isa = PBXNativeTarget;
			buildConfigurationList = 545F3A4F28853CEB00A64103 /* Build configuration list for PBXNativeTarget "EbiTests" */;
			buildPhases = (
				545F3A3428853CEB00A64103 /* Sources */,
				545F3A3528853CEB00A64103 /* Frameworks */,
				545F3A3628853CEB00A64103 /* Resources */,
			);
			buildRules = (
			);
			dependencies = (
				545F3A3A28853CEB00A64103 /* PBXTargetDependency */,
			);
			name = EbiTests;
			productName = EbiTests;
			productReference = 545F3A3828853CEB00A64103 /* EbiTests.xctest */;
			productType = "com.apple.product-type.bundle.unit-test";
		};
		545F3A4128853CEB00A64103 /* EbiUITests */ = {
			isa = PBXNativeTarget;
			buildConfigurationList = 545F3A5228853CEB00A64103 /* Build configuration list for PBXNativeTarget "EbiUITests" */;
			buildPhases = (
				545F3A3E28853CEB00A64103 /* Sources */,
				545F3A3F28853CEB00A64103 /* Frameworks */,
				545F3A4028853CEB00A64103 /* Resources */,
			);
			buildRules = (
			);
			dependencies = (
				545F3A4428853CEB00A64103 /* PBXTargetDependency */,
			);
			name = EbiUITests;
			productName = EbiUITests;
			productReference = 545F3A4228853CEB00A64103 /* EbiUITests.xctest */;
			productType = "com.apple.product-type.bundle.ui-testing";
		};
/* End PBXNativeTarget section */

/* Begin PBXProject section */
		545F3A2028853CE900A64103 /* Project object */ = {
			isa = PBXProject;
			attributes = {
				BuildIndependentTargetsInParallel = 1;
				LastSwiftUpdateCheck = 1340;
				LastUpgradeCheck = 1340;
				TargetAttributes = {
					545F3A2728853CE900A64103 = {
						CreatedOnToolsVersion = 13.4.1;
					};
					545F3A3728853CEB00A64103 = {
						CreatedOnToolsVersion = 13.4.1;
						TestTargetID = 545F3A2728853CE900A64103;
					};
					545F3A4128853CEB00A64103 = {
						CreatedOnToolsVersion = 13.4.1;
						TestTargetID = 545F3A2728853CE900A64103;
					};
				};
			};
			buildConfigurationList = 545F3A2328853CE900A64103 /* Build configuration list for PBXProject "Ebi" */;
			compatibilityVersion = "Xcode 13.0";
			developmentRegion = en;
			hasScannedForEncodings = 0;
			knownRegions = (
				en,
				Base,
			);
			mainGroup = 545F3A1F28853CE900A64103;
			productRefGroup = 545F3A2928853CE900A64103 /* Products */;
			projectDirPath = "";
			projectRoot = "";
			targets = (
				545F3A2728853CE900A64103 /* Ebi */,
				545F3A3728853CEB00A64103 /* EbiTests */,
				545F3A4128853CEB00A64103 /* EbiUITests */,
			);
		};
/* End PBXProject section */

/* Begin PBXResourcesBuildPhase section */
		545F3A2628853CE900A64103 /* Resources */ = {
			isa = PBXResourcesBuildPhase;
			buildActionMask = 2147483647;
			files = (
				545F3A3328853CEB00A64103 /* Preview Assets.xcassets in Resources */,
				545F3A3028853CEB00A64103 /* Assets.xcassets in Resources */,
			);
			runOnlyForDeploymentPostprocessing = 0;
		};
		545F3A3628853CEB00A64103 /* Resources */ = {
			isa = PBXResourcesBuildPhase;
			buildActionMask = 2147483647;
			files = (
			);
			runOnlyForDeploymentPostprocessing = 0;
		};
		545F3A4028853CEB00A64103 /* Resources */ = {
			isa = PBXResourcesBuildPhase;
			buildActionMask = 2147483647;
			files = (
			);
			runOnlyForDeploymentPostprocessing = 0;
		};
/* End PBXResourcesBuildPhase section */

/* Begin PBXSourcesBuildPhase section */
		545F3A2428853CE900A64103 /* Sources */ = {
			isa = PBXSourcesBuildPhase;
			buildActionMask = 2147483647;
			files = (
				545F3A5628853D5200A64103 /* GameScene.swift in Sources */,
				545F3A2E28853CE900A64103 /* ContentView.swift in Sources */,
				545F3A2C28853CE900A64103 /* EbiApp.swift in Sources */,
				54C90BAA28980D5100AEE1DC /* Constant.swift in Sources */,
			);
			runOnlyForDeploymentPostprocessing = 0;
		};
		545F3A3428853CEB00A64103 /* Sources */ = {
			isa = PBXSourcesBuildPhase;
			buildActionMask = 2147483647;
			files = (
				545F3A3D28853CEB00A64103 /* EbiTests.swift in Sources */,
			);
			runOnlyForDeploymentPostprocessing = 0;
		};
		545F3A3E28853CEB00A64103 /* Sources */ = {
			isa = PBXSourcesBuildPhase;
			buildActionMask = 2147483647;
			files = (
				545F3A4728853CEB00A64103 /* EbiUITests.swift in Sources */,
				545F3A4928853CEB00A64103 /* EbiUITestsLaunchTests.swift in Sources */,
			);
			runOnlyForDeploymentPostprocessing = 0;
		};
/* End PBXSourcesBuildPhase section */

/* Begin PBXTargetDependency section */
		545F3A3A28853CEB00A64103 /* PBXTargetDependency */ = {
			isa = PBXTargetDependency;
			target = 545F3A2728853CE900A64103 /* Ebi */;
			targetProxy = 545F3A3928853CEB00A64103 /* PBXContainerItemProxy */;
		};
		545F3A4428853CEB00A64103 /* PBXTargetDependency */ = {
			isa = PBXTargetDependency;
			target = 545F3A2728853CE900A64103 /* Ebi */;
			targetProxy = 545F3A4328853CEB00A64103 /* PBXContainerItemProxy */;
		};
/* End PBXTargetDependency section */

/* Begin XCBuildConfiguration section */
		545F3A4A28853CEB00A64103 /* Debug */ = {
			isa = XCBuildConfiguration;
			buildSettings = {
				ALWAYS_SEARCH_USER_PATHS = NO;
				CLANG_ANALYZER_NONNULL = YES;
				CLANG_ANALYZER_NUMBER_OBJECT_CONVERSION = YES_AGGRESSIVE;
				CLANG_CXX_LANGUAGE_STANDARD = "gnu++17";
				CLANG_ENABLE_MODULES = YES;
				CLANG_ENABLE_OBJC_ARC = YES;
				CLANG_ENABLE_OBJC_WEAK = YES;
				CLANG_WARN_BLOCK_CAPTURE_AUTORELEASING = YES;
				CLANG_WARN_BOOL_CONVERSION = YES;
				CLANG_WARN_COMMA = YES;
				CLANG_WARN_CONSTANT_CONVERSION = YES;
				CLANG_WARN_DEPRECATED_OBJC_IMPLEMENTATIONS = YES;
				CLANG_WARN_DIRECT_OBJC_ISA_USAGE = YES_ERROR;
				CLANG_WARN_DOCUMENTATION_COMMENTS = YES;
				CLANG_WARN_EMPTY_BODY = YES;
				CLANG_WARN_ENUM_CONVERSION = YES;
				CLANG_WARN_INFINITE_RECURSION = YES;
				CLANG_WARN_INT_CONVERSION = YES;
				CLANG_WARN_NON_LITERAL_NULL_CONVERSION = YES;
				CLANG_WARN_OBJC_IMPLICIT_RETAIN_SELF = YES;
				CLANG_WARN_OBJC_LITERAL_CONVERSION = YES;
				CLANG_WARN_OBJC_ROOT_CLASS = YES_ERROR;
				CLANG_WARN_QUOTED_INCLUDE_IN_FRAMEWORK_HEADER = YES;
				CLANG_WARN_RANGE_LOOP_ANALYSIS = YES;
				CLANG_WARN_STRICT_PROTOTYPES = YES;
				CLANG_WARN_SUSPICIOUS_MOVE = YES;
				CLANG_WARN_UNGUARDED_AVAILABILITY = YES_AGGRESSIVE;
				CLANG_WARN_UNREACHABLE_CODE = YES;
				CLANG_WARN__DUPLICATE_METHOD_MATCH = YES;
				COPY_PHASE_STRIP = NO;
				DEBUG_INFORMATION_FORMAT = dwarf;
				ENABLE_STRICT_OBJC_MSGSEND = YES;
				ENABLE_TESTABILITY = YES;
				GCC_C_LANGUAGE_STANDARD = gnu11;
				GCC_DYNAMIC_NO_PIC = NO;
				GCC_NO_COMMON_BLOCKS = YES;
				GCC_OPTIMIZATION_LEVEL = 0;
				GCC_PREPROCESSOR_DEFINITIONS = (
					"DEBUG=1",
					"$(inherited)",
				);
				GCC_WARN_64_TO_32_BIT_CONVERSION = YES;
				GCC_WARN_ABOUT_RETURN_TYPE = YES_ERROR;
				GCC_WARN_UNDECLARED_SELECTOR = YES;
				GCC_WARN_UNINITIALIZED_AUTOS = YES_AGGRESSIVE;
				GCC_WARN_UNUSED_FUNCTION = YES;
				GCC_WARN_UNUSED_VARIABLE = YES;
				IPHONEOS_DEPLOYMENT_TARGET = 15.5;
				MTL_ENABLE_DEBUG_INFO = INCLUDE_SOURCE;
				MTL_FAST_MATH = YES;
				ONLY_ACTIVE_ARCH = YES;
				SDKROOT = iphoneos;
				SWIFT_ACTIVE_COMPILATION_CONDITIONS = DEBUG;
				SWIFT_OPTIMIZATION_LEVEL = "-Onone";
			};
			name = Debug;
		};
		545F3A4B28853CEB00A64103 /* Release */ = {
			isa = XCBuildConfiguration;
			buildSettings = {
				ALWAYS_SEARCH_USER_PATHS = NO;
				CLANG_ANALYZER_NONNULL = YES;
				CLANG_ANALYZER_NUMBER_OBJECT_CONVERSION = YES_AGGRESSIVE;
				CLANG_CXX_LANGUAGE_STANDARD = "gnu++17";
				CLANG_ENABLE_MODULES = YES;
				CLANG_ENABLE_OBJC_ARC = YES;
				CLANG_ENABLE_OBJC_WEAK = YES;
				CLANG_WARN_BLOCK_CAPTURE_AUTORELEASING = YES;
				CLANG_WARN_BOOL_CONVERSION = YES;
				CLANG_WARN_COMMA = YES;
				CLANG_WARN_CONSTANT_CONVERSION = YES;
				CLANG_WARN_DEPRECATED_OBJC_IMPLEMENTATIONS = YES;
				CLANG_WARN_DIRECT_OBJC_ISA_USAGE = YES_ERROR;
				CLANG_WARN_DOCUMENTATION_COMMENTS = YES;
				CLANG_WARN_EMPTY_BODY = YES;
				CLANG_WARN_ENUM_CONVERSION = YES;
				CLANG_WARN_INFINITE_RECURSION = YES;
				CLANG_WARN_INT_CONVERSION = YES;
				CLANG_WARN_NON_LITERAL_NULL_CONVERSION = YES;
				CLANG_WARN_OBJC_IMPLICIT_RETAIN_SELF = YES;
				CLANG_WARN_OBJC_LITERAL_CONVERSION = YES;
				CLANG_WARN_OBJC_ROOT_CLASS = YES_ERROR;
				CLANG_WARN_QUOTED_INCLUDE_IN_FRAMEWORK_HEADER = YES;
				CLANG_WARN_RANGE_LOOP_ANALYSIS = YES;
				CLANG_WARN_STRICT_PROTOTYPES = YES;
				CLANG_WARN_SUSPICIOUS_MOVE = YES;
				CLANG_WARN_UNGUARDED_AVAILABILITY = YES_AGGRESSIVE;
				CLANG_WARN_UNREACHABLE_CODE = YES;
				CLANG_WARN__DUPLICATE_METHOD_MATCH = YES;
				COPY_PHASE_STRIP = NO;
				DEBUG_INFORMATION_FORMAT = "dwarf-with-dsym";
				ENABLE_NS_ASSERTIONS = NO;
				ENABLE_STRICT_OBJC_MSGSEND = YES;
				GCC_C_LANGUAGE_STANDARD = gnu11;
				GCC_NO_COMMON_BLOCKS = YES;
				GCC_WARN_64_TO_32_BIT_CONVERSION = YES;
				GCC_WARN_ABOUT_RETURN_TYPE = YES_ERROR;
				GCC_WARN_UNDECLARED_SELECTOR = YES;
				GCC_WARN_UNINITIALIZED_AUTOS = YES_AGGRESSIVE;
				GCC_WARN_UNUSED_FUNCTION = YES;
				GCC_WARN_UNUSED_VARIABLE = YES;
				IPHONEOS_DEPLOYMENT_TARGET = 15.5;
				MTL_ENABLE_DEBUG_INFO = NO;
				MTL_FAST_MATH = YES;
				SDKROOT = iphoneos;
				SWIFT_COMPILATION_MODE = wholemodule;
				SWIFT_OPTIMIZATION_LEVEL = "-O";
				VALIDATE_PRODUCT = YES;
			};
			name = Release;
		};
		545F3A4D28853CEB00A64103 /* Debug */ = {
			isa = XCBuildConfiguration;
			buildSettings = {
				ASSETCATALOG_COMPILER_APPICON_NAME = AppIcon;
				ASSETCATALOG_COMPILER_GLOBAL_ACCENT_COLOR_NAME = AccentColor;
				CODE_SIGN_STYLE = Automatic;
				CURRENT_PROJECT_VERSION = 1;
				DEVELOPMENT_ASSET_PATHS = "\"Ebi/Preview Content\"";
				DEVELOPMENT_TEAM = CV8G3J2V83;
				ENABLE_PREVIEWS = YES;
				GENERATE_INFOPLIST_FILE = YES;
				INFOPLIST_KEY_UIApplicationSceneManifest_Generation = YES;
				INFOPLIST_KEY_UIApplicationSupportsIndirectInputEvents = YES;
				INFOPLIST_KEY_UILaunchScreen_Generation = YES;
				INFOPLIST_KEY_UISupportedInterfaceOrientations_iPad = "UIInterfaceOrientationPortrait UIInterfaceOrientationPortraitUpsideDown UIInterfaceOrientationLandscapeLeft UIInterfaceOrientationLandscapeRight";
				INFOPLIST_KEY_UISupportedInterfaceOrientations_iPhone = "UIInterfaceOrientationPortrait UIInterfaceOrientationLandscapeLeft UIInterfaceOrientationLandscapeRight";
				LD_RUNPATH_SEARCH_PATHS = (
					"$(inherited)",
					"@executable_path/Frameworks",
				);
				MARKETING_VERSION = 1.0;
				PRODUCT_BUNDLE_IDENTIFIER = com.ponponboy.Ebi;
				PRODUCT_NAME = "$(TARGET_NAME)";
				SWIFT_EMIT_LOC_STRINGS = YES;
				SWIFT_VERSION = 5.0;
				TARGETED_DEVICE_FAMILY = "1,2";
			};
			name = Debug;
		};
		545F3A4E28853CEB00A64103 /* Release */ = {
			isa = XCBuildConfiguration;
			buildSettings = {
				ASSETCATALOG_COMPILER_APPICON_NAME = AppIcon;
				ASSETCATALOG_COMPILER_GLOBAL_ACCENT_COLOR_NAME = AccentColor;
				CODE_SIGN_STYLE = Automatic;
				CURRENT_PROJECT_VERSION = 1;
				DEVELOPMENT_ASSET_PATHS = "\"Ebi/Preview Content\"";
				DEVELOPMENT_TEAM = CV8G3J2V83;
				ENABLE_PREVIEWS = YES;
				GENERATE_INFOPLIST_FILE = YES;
				INFOPLIST_KEY_UIApplicationSceneManifest_Generation = YES;
				INFOPLIST_KEY_UIApplicationSupportsIndirectInputEvents = YES;
				INFOPLIST_KEY_UILaunchScreen_Generation = YES;
				INFOPLIST_KEY_UISupportedInterfaceOrientations_iPad = "UIInterfaceOrientationPortrait UIInterfaceOrientationPortraitUpsideDown UIInterfaceOrientationLandscapeLeft UIInterfaceOrientationLandscapeRight";
				INFOPLIST_KEY_UISupportedInterfaceOrientations_iPhone = "UIInterfaceOrientationPortrait UIInterfaceOrientationLandscapeLeft UIInterfaceOrientationLandscapeRight";
				LD_RUNPATH_SEARCH_PATHS = (
					"$(inherited)",
					"@executable_path/Frameworks",
				);
				MARKETING_VERSION = 1.0;
				PRODUCT_BUNDLE_IDENTIFIER = com.ponponboy.Ebi;
				PRODUCT_NAME = "$(TARGET_NAME)";
				SWIFT_EMIT_LOC_STRINGS = YES;
				SWIFT_VERSION = 5.0;
				TARGETED_DEVICE_FAMILY = "1,2";
			};
			name = Release;
		};
		545F3A5028853CEB00A64103 /* Debug */ = {
			isa = XCBuildConfiguration;
			buildSettings = {
				ALWAYS_EMBED_SWIFT_STANDARD_LIBRARIES = YES;
				BUNDLE_LOADER = "$(TEST_HOST)";
				CODE_SIGN_STYLE = Automatic;
				CURRENT_PROJECT_VERSION = 1;
				DEVELOPMENT_TEAM = CV8G3J2V83;
				GENERATE_INFOPLIST_FILE = YES;
				IPHONEOS_DEPLOYMENT_TARGET = 15.5;
				MARKETING_VERSION = 1.0;
				PRODUCT_BUNDLE_IDENTIFIER = com.ponponboy.EbiTests;
				PRODUCT_NAME = "$(TARGET_NAME)";
				SWIFT_EMIT_LOC_STRINGS = NO;
				SWIFT_VERSION = 5.0;
				TARGETED_DEVICE_FAMILY = "1,2";
				TEST_HOST = "$(BUILT_PRODUCTS_DIR)/Ebi.app/Ebi";
			};
			name = Debug;
		};
		545F3A5128853CEB00A64103 /* Release */ = {
			isa = XCBuildConfiguration;
			buildSettings = {
				ALWAYS_EMBED_SWIFT_STANDARD_LIBRARIES = YES;
				BUNDLE_LOADER = "$(TEST_HOST)";
				CODE_SIGN_STYLE = Automatic;
				CURRENT_PROJECT_VERSION = 1;
				DEVELOPMENT_TEAM = CV8G3J2V83;
				GENERATE_INFOPLIST_FILE = YES;
				IPHONEOS_DEPLOYMENT_TARGET = 15.5;
				MARKETING_VERSION = 1.0;
				PRODUCT_BUNDLE_IDENTIFIER = com.ponponboy.EbiTests;
				PRODUCT_NAME = "$(TARGET_NAME)";
				SWIFT_EMIT_LOC_STRINGS = NO;
				SWIFT_VERSION = 5.0;
				TARGETED_DEVICE_FAMILY = "1,2";
				TEST_HOST = "$(BUILT_PRODUCTS_DIR)/Ebi.app/Ebi";
			};
			name = Release;
		};
		545F3A5328853CEB00A64103 /* Debug */ = {
			isa = XCBuildConfiguration;
			buildSettings = {
				ALWAYS_EMBED_SWIFT_STANDARD_LIBRARIES = YES;
				CODE_SIGN_STYLE = Automatic;
				CURRENT_PROJECT_VERSION = 1;
				DEVELOPMENT_TEAM = CV8G3J2V83;
				GENERATE_INFOPLIST_FILE = YES;
				MARKETING_VERSION = 1.0;
				PRODUCT_BUNDLE_IDENTIFIER = com.ponponboy.EbiUITests;
				PRODUCT_NAME = "$(TARGET_NAME)";
				SWIFT_EMIT_LOC_STRINGS = NO;
				SWIFT_VERSION = 5.0;
				TARGETED_DEVICE_FAMILY = "1,2";
				TEST_TARGET_NAME = Ebi;
			};
			name = Debug;
		};
		545F3A5428853CEB00A64103 /* Release */ = {
			isa = XCBuildConfiguration;
			buildSettings = {
				ALWAYS_EMBED_SWIFT_STANDARD_LIBRARIES = YES;
				CODE_SIGN_STYLE = Automatic;
				CURRENT_PROJECT_VERSION = 1;
				DEVELOPMENT_TEAM = CV8G3J2V83;
				GENERATE_INFOPLIST_FILE = YES;
				MARKETING_VERSION = 1.0;
				PRODUCT_BUNDLE_IDENTIFIER = com.ponponboy.EbiUITests;
				PRODUCT_NAME = "$(TARGET_NAME)";
				SWIFT_EMIT_LOC_STRINGS = NO;
				SWIFT_VERSION = 5.0;
				TARGETED_DEVICE_FAMILY = "1,2";
				TEST_TARGET_NAME = Ebi;
			};
			name = Release;
		};
/* End XCBuildConfiguration section */

/* Begin XCConfigurationList section */
		545F3A2328853CE900A64103 /* Build configuration list for PBXProject "Ebi" */ = {
			isa = XCConfigurationList;
			buildConfigurations = (
				545F3A4A28853CEB00A64103 /* Debug */,
				545F3A4B28853CEB00A64103 /* Release */,
			);
			defaultConfigurationIsVisible = 0;
			defaultConfigurationName = Release;
		};
		545F3A4C28853CEB00A64103 /* Build configuration list for PBXNativeTarget "Ebi" */ = {
			isa = XCConfigurationList;
			buildConfigurations = (
				545F3A4D28853CEB00A64103 /* Debug */,
				545F3A4E28853CEB00A64103 /* Release */,
			);
			defaultConfigurationIsVisible = 0;
			defaultConfigurationName = Release;
		};
		545F3A4F28853CEB00A64103 /* Build configuration list for PBXNativeTarget "EbiTests" */ = {
			isa = XCConfigurationList;
			buildConfigurations = (
				545F3A5028853CEB00A64103 /* Debug */,
				545F3A5128853CEB00A64103 /* Release */,
			);
			defaultConfigurationIsVisible = 0;
			defaultConfigurationName = Release;
		};
		545F3A5228853CEB00A64103 /* Build configuration list for PBXNativeTarget "EbiUITests" */ = {
			isa = XCConfigurationList;
			buildConfigurations = (
				545F3A5328853CEB00A64103 /* Debug */,
				545F3A5428853CEB00A64103 /* Release */,
			);
			defaultConfigurationIsVisible = 0;
			defaultConfigurationName = Release;
		};
/* End XCConfigurationList section */
	};
	rootObject = 545F3A2028853CE900A64103 /* Project object */;
}
